dependencies:
- name: strimzi-kafka-operator
  repository: https://strimzi.io/charts
  version: 1.0.1
- name: spark-operator
  repository: https://kubeflow.github.io/spark-operator
  version: 2.5.1
digest: sha256:6126f9260c269be6ef926eb5a72a56584ff38a442d01290666593eb915db5e64
generated: "2026-06-29T00:04:14.585278703Z"
