dependencies:
- name: strimzi-kafka-operator
  repository: https://strimzi.io/charts
  version: 1.0.1
- name: spark-operator
  repository: https://kubeflow.github.io/spark-operator
  version: 2.5.1
- name: llama-cpp
  repository: file://charts/llama-cpp
  version: 0.1.0
- name: kafka-connect-connectors
  repository: file://charts/kafka-connect-connectors
  version: 0.1.0
digest: sha256:a53d9d72ecc838d188c4e45894bca7fbace0255c996fbd2ae1e747a285e1c115
generated: "2026-06-29T12:59:55.939759156Z"
