dependencies:
- name: strimzi-kafka-operator
  repository: https://strimzi.io/charts
  version: 1.0.1
- name: spark-operator
  repository: https://kubeflow.github.io/spark-operator
  version: 2.5.1
- name: llama-cpp
  repository: file://charts/llama-cpp
  version: 0.1.0
- name: kafka-connect-connectors
  repository: file://charts/kafka-connect-connectors
  version: 0.1.0
- name: kafka-connect-sinks
  repository: file://charts/kafka-connect-sinks
  version: 0.1.0
- name: redis-projector
  repository: file://charts/projectors/redis-projector
  version: 0.1.0
- name: postgres-projector
  repository: file://charts/projectors/postgres-projector
  version: 0.1.0
- name: clickstack
  repository: https://clickhouse.github.io/ClickStack-helm-charts
  version: 3.0.0
- name: clickhouse-cluster
  repository: file://charts/clickhouse-cluster
  version: 0.1.0
- name: imperium-news-app
  repository: file://charts/imperium-news-app
  version: 0.1.0
- name: imperium-frontend
  repository: file://charts/imperium-frontend
  version: 0.1.0
- name: kong-gateway
  repository: file://charts/kong-gateway
  version: 0.1.0
digest: sha256:bae92db81c5e5259ceed70d5e80ae4c8d94bd20ad422e290328957695974103b
generated: "2026-07-03T23:03:20.314594798Z"
